
Microsoft Visual Studio Solution File, Format Version 12.00
# Visual Studio Version 16
VisualStudioVersion = 16.0.30114.105
MinimumVisualStudioVersion = 10.0.40219.1
Project("{FAE04EC0-301F-11D3-BF4B-00C04F79EFBC}") = "R5T.D0032", "R5T.D0032\R5T.D0032.csproj", "{DA2F80B1-CBFF-4A3F-A9CC-F1F0D4C677D2}"
EndProject
Project("{FAE04EC0-301F-11D3-BF4B-00C04F79EFBC}") = "R5T.D0032.Base", "R5T.D0032.Base\R5T.D0032.Base.csproj", "{2B4ADCFF-CC98-48B8-A2DA-25006C0AF6B0}"
EndProject
Project("{FAE04EC0-301F-11D3-BF4B-00C04F79EFBC}") = "R5T.D0032.Construction", "R5T.D0032.Construction\R5T.D0032.Construction.csproj", "{B1B2309C-ED9B-4B35-B007-D2053C6AB8FD}"
EndProject
Project("{FAE04EC0-301F-11D3-BF4B-00C04F79EFBC}") = "R5T.D0032.Default", "R5T.D0032.Default\R5T.D0032.Default.csproj", "{F48CB189-2449-47D5-9136-FB0402CF2178}"
EndProject
Project("{FAE04EC0-301F-11D3-BF4B-00C04F79EFBC}") = "R5T.D0032.Standard", "R5T.D0032.Standard\R5T.D0032.Standard.csproj", "{A64F7ED6-0CBD-4DC3-A2B3-E618A98F3EFA}"
EndProject
Global
	GlobalSection(SolutionConfigurationPlatforms) = preSolution
		Debug|Any CPU = Debug|Any CPU
		Debug|x64 = Debug|x64
		Debug|x86 = Debug|x86
		Release|Any CPU = Release|Any CPU
		Release|x64 = Release|x64
		Release|x86 = Release|x86
	EndGlobalSection
	GlobalSection(SolutionProperties) = preSolution
		HideSolutionNode = FALSE
	EndGlobalSection
	GlobalSection(ProjectConfigurationPlatforms) = postSolution
		{DA2F80B1-CBFF-4A3F-A9CC-F1F0D4C677D2}.Debug|Any CPU.ActiveCfg = Debug|Any CPU
		{DA2F80B1-CBFF-4A3F-A9CC-F1F0D4C677D2}.Debug|Any CPU.Build.0 = Debug|Any CPU
		{DA2F80B1-CBFF-4A3F-A9CC-F1F0D4C677D2}.Debug|x64.ActiveCfg = Debug|Any CPU
		{DA2F80B1-CBFF-4A3F-A9CC-F1F0D4C677D2}.Debug|x64.Build.0 = Debug|Any CPU
		{DA2F80B1-CBFF-4A3F-A9CC-F1F0D4C677D2}.Debug|x86.ActiveCfg = Debug|Any CPU
		{DA2F80B1-CBFF-4A3F-A9CC-F1F0D4C677D2}.Debug|x86.Build.0 = Debug|Any CPU
		{DA2F80B1-CBFF-4A3F-A9CC-F1F0D4C677D2}.Release|Any CPU.ActiveCfg = Release|Any CPU
		{DA2F80B1-CBFF-4A3F-A9CC-F1F0D4C677D2}.Release|Any CPU.Build.0 = Release|Any CPU
		{DA2F80B1-CBFF-4A3F-A9CC-F1F0D4C677D2}.Release|x64.ActiveCfg = Release|Any CPU
		{DA2F80B1-CBFF-4A3F-A9CC-F1F0D4C677D2}.Release|x64.Build.0 = Release|Any CPU
		{DA2F80B1-CBFF-4A3F-A9CC-F1F0D4C677D2}.Release|x86.ActiveCfg = Release|Any CPU
		{DA2F80B1-CBFF-4A3F-A9CC-F1F0D4C677D2}.Release|x86.Build.0 = Release|Any CPU
		{2B4ADCFF-CC98-48B8-A2DA-25006C0AF6B0}.Debug|Any CPU.ActiveCfg = Debug|Any CPU
		{2B4ADCFF-CC98-48B8-A2DA-25006C0AF6B0}.Debug|Any CPU.Build.0 = Debug|Any CPU
		{2B4ADCFF-CC98-48B8-A2DA-25006C0AF6B0}.Debug|x64.ActiveCfg = Debug|Any CPU
		{2B4ADCFF-CC98-48B8-A2DA-25006C0AF6B0}.Debug|x64.Build.0 = Debug|Any CPU
		{2B4ADCFF-CC98-48B8-A2DA-25006C0AF6B0}.Debug|x86.ActiveCfg = Debug|Any CPU
		{2B4ADCFF-CC98-48B8-A2DA-25006C0AF6B0}.Debug|x86.Build.0 = Debug|Any CPU
		{2B4ADCFF-CC98-48B8-A2DA-25006C0AF6B0}.Release|Any CPU.ActiveCfg = Release|Any CPU
		{2B4ADCFF-CC98-48B8-A2DA-25006C0AF6B0}.Release|Any CPU.Build.0 = Release|Any CPU
		{2B4ADCFF-CC98-48B8-A2DA-25006C0AF6B0}.Release|x64.ActiveCfg = Release|Any CPU
		{2B4ADCFF-CC98-48B8-A2DA-25006C0AF6B0}.Release|x64.Build.0 = Release|Any CPU
		{2B4ADCFF-CC98-48B8-A2DA-25006C0AF6B0}.Release|x86.ActiveCfg = Release|Any CPU
		{2B4ADCFF-CC98-48B8-A2DA-25006C0AF6B0}.Release|x86.Build.0 = Release|Any CPU
		{B1B2309C-ED9B-4B35-B007-D2053C6AB8FD}.Debug|Any CPU.ActiveCfg = Debug|Any CPU
		{B1B2309C-ED9B-4B35-B007-D2053C6AB8FD}.Debug|Any CPU.Build.0 = Debug|Any CPU
		{B1B2309C-ED9B-4B35-B007-D2053C6AB8FD}.Debug|x64.ActiveCfg = Debug|Any CPU
		{B1B2309C-ED9B-4B35-B007-D2053C6AB8FD}.Debug|x64.Build.0 = Debug|Any CPU
		{B1B2309C-ED9B-4B35-B007-D2053C6AB8FD}.Debug|x86.ActiveCfg = Debug|Any CPU
		{B1B2309C-ED9B-4B35-B007-D2053C6AB8FD}.Debug|x86.Build.0 = Debug|Any CPU
		{B1B2309C-ED9B-4B35-B007-D2053C6AB8FD}.Release|Any CPU.ActiveCfg = Release|Any CPU
		{B1B2309C-ED9B-4B35-B007-D2053C6AB8FD}.Release|Any CPU.Build.0 = Release|Any CPU
		{B1B2309C-ED9B-4B35-B007-D2053C6AB8FD}.Release|x64.ActiveCfg = Release|Any CPU
		{B1B2309C-ED9B-4B35-B007-D2053C6AB8FD}.Release|x64.Build.0 = Release|Any CPU
		{B1B2309C-ED9B-4B35-B007-D2053C6AB8FD}.Release|x86.ActiveCfg = Release|Any CPU
		{B1B2309C-ED9B-4B35-B007-D2053C6AB8FD}.Release|x86.Build.0 = Release|Any CPU
		{F48CB189-2449-47D5-9136-FB0402CF2178}.Debug|Any CPU.ActiveCfg = Debug|Any CPU
		{F48CB189-2449-47D5-9136-FB0402CF2178}.Debug|Any CPU.Build.0 = Debug|Any CPU
		{F48CB189-2449-47D5-9136-FB0402CF2178}.Debug|x64.ActiveCfg = Debug|Any CPU
		{F48CB189-2449-47D5-9136-FB0402CF2178}.Debug|x64.Build.0 = Debug|Any CPU
		{F48CB189-2449-47D5-9136-FB0402CF2178}.Debug|x86.ActiveCfg = Debug|Any CPU
		{F48CB189-2449-47D5-9136-FB0402CF2178}.Debug|x86.Build.0 = Debug|Any CPU
		{F48CB189-2449-47D5-9136-FB0402CF2178}.Release|Any CPU.ActiveCfg = Release|Any CPU
		{F48CB189-2449-47D5-9136-FB0402CF2178}.Release|Any CPU.Build.0 = Release|Any CPU
		{F48CB189-2449-47D5-9136-FB0402CF2178}.Release|x64.ActiveCfg = Release|Any CPU
		{F48CB189-2449-47D5-9136-FB0402CF2178}.Release|x64.Build.0 = Release|Any CPU
		{F48CB189-2449-47D5-9136-FB0402CF2178}.Release|x86.ActiveCfg = Release|Any CPU
		{F48CB189-2449-47D5-9136-FB0402CF2178}.Release|x86.Build.0 = Release|Any CPU
		{A64F7ED6-0CBD-4DC3-A2B3-E618A98F3EFA}.Debug|Any CPU.ActiveCfg = Debug|Any CPU
		{A64F7ED6-0CBD-4DC3-A2B3-E618A98F3EFA}.Debug|Any CPU.Build.0 = Debug|Any CPU
		{A64F7ED6-0CBD-4DC3-A2B3-E618A98F3EFA}.Debug|x64.ActiveCfg = Debug|Any CPU
		{A64F7ED6-0CBD-4DC3-A2B3-E618A98F3EFA}.Debug|x64.Build.0 = Debug|Any CPU
		{A64F7ED6-0CBD-4DC3-A2B3-E618A98F3EFA}.Debug|x86.ActiveCfg = Debug|Any CPU
		{A64F7ED6-0CBD-4DC3-A2B3-E618A98F3EFA}.Debug|x86.Build.0 = Debug|Any CPU
		{A64F7ED6-0CBD-4DC3-A2B3-E618A98F3EFA}.Release|Any CPU.ActiveCfg = Release|Any CPU
		{A64F7ED6-0CBD-4DC3-A2B3-E618A98F3EFA}.Release|Any CPU.Build.0 = Release|Any CPU
		{A64F7ED6-0CBD-4DC3-A2B3-E618A98F3EFA}.Release|x64.ActiveCfg = Release|Any CPU
		{A64F7ED6-0CBD-4DC3-A2B3-E618A98F3EFA}.Release|x64.Build.0 = Release|Any CPU
		{A64F7ED6-0CBD-4DC3-A2B3-E618A98F3EFA}.Release|x86.ActiveCfg = Release|Any CPU
		{A64F7ED6-0CBD-4DC3-A2B3-E618A98F3EFA}.Release|x86.Build.0 = Release|Any CPU
	EndGlobalSection
EndGlobal
